
Microsoft Visual Studio Solution File, Format Version 12.00
# Visual Studio Version 16
VisualStudioVersion = 16.0.31129.286
MinimumVisualStudioVersion = 10.0.40219.1
Project("{FAE04EC0-301F-11D3-BF4B-00C04F79EFBC}") = "FirmaYönetimPanelii", "FirmaYönetimPanelii\FirmaYönetimPanelii.csproj", "{C1CD5AD5-FA68-421F-A85E-B23B2E267E5B}"
EndProject
Project("{FAE04EC0-301F-11D3-BF4B-00C04F79EFBC}") = "BusinessLayer", "BusinessLayer\BusinessLayer.csproj", "{45A22961-FDAE-46DF-9564-0529CDAED9B5}"
EndProject
Project("{FAE04EC0-301F-11D3-BF4B-00C04F79EFBC}") = "DataAccessLayer", "DataAccessLayer\DataAccessLayer.csproj", "{D13A7B63-5F69-416A-9167-FFF22F9DED6B}"
EndProject
Project("{FAE04EC0-301F-11D3-BF4B-00C04F79EFBC}") = "EntityLayer", "EntityLayer\EntityLayer.csproj", "{128EE30A-DA89-4B39-80B4-168352EBA4AF}"
EndProject
Global
	GlobalSection(SolutionConfigurationPlatforms) = preSolution
		Debug|Any CPU = Debug|Any CPU
		Release|Any CPU = Release|Any CPU
	EndGlobalSection
	GlobalSection(ProjectConfigurationPlatforms) = postSolution
		{C1CD5AD5-FA68-421F-A85E-B23B2E267E5B}.Debug|Any CPU.ActiveCfg = Debug|Any CPU
		{C1CD5AD5-FA68-421F-A85E-B23B2E267E5B}.Debug|Any CPU.Build.0 = Debug|Any CPU
		{C1CD5AD5-FA68-421F-A85E-B23B2E267E5B}.Release|Any CPU.ActiveCfg = Release|Any CPU
		{C1CD5AD5-FA68-421F-A85E-B23B2E267E5B}.Release|Any CPU.Build.0 = Release|Any CPU
		{45A22961-FDAE-46DF-9564-0529CDAED9B5}.Debug|Any CPU.ActiveCfg = Debug|Any CPU
		{45A22961-FDAE-46DF-9564-0529CDAED9B5}.Debug|Any CPU.Build.0 = Debug|Any CPU
		{45A22961-FDAE-46DF-9564-0529CDAED9B5}.Release|Any CPU.ActiveCfg = Release|Any CPU
		{45A22961-FDAE-46DF-9564-0529CDAED9B5}.Release|Any CPU.Build.0 = Release|Any CPU
		{D13A7B63-5F69-416A-9167-FFF22F9DED6B}.Debug|Any CPU.ActiveCfg = Debug|Any CPU
		{D13A7B63-5F69-416A-9167-FFF22F9DED6B}.Debug|Any CPU.Build.0 = Debug|Any CPU
		{D13A7B63-5F69-416A-9167-FFF22F9DED6B}.Release|Any CPU.ActiveCfg = Release|Any CPU
		{D13A7B63-5F69-416A-9167-FFF22F9DED6B}.Release|Any CPU.Build.0 = Release|Any CPU
		{128EE30A-DA89-4B39-80B4-168352EBA4AF}.Debug|Any CPU.ActiveCfg = Debug|Any CPU
		{128EE30A-DA89-4B39-80B4-168352EBA4AF}.Debug|Any CPU.Build.0 = Debug|Any CPU
		{128EE30A-DA89-4B39-80B4-168352EBA4AF}.Release|Any CPU.ActiveCfg = Release|Any CPU
		{128EE30A-DA89-4B39-80B4-168352EBA4AF}.Release|Any CPU.Build.0 = Release|Any CPU
	EndGlobalSection
	GlobalSection(SolutionProperties) = preSolution
		HideSolutionNode = FALSE
	EndGlobalSection
	GlobalSection(ExtensibilityGlobals) = postSolution
		SolutionGuid = {69876C87-B6ED-49D0-A3DF-9F95CB842A6B}
	EndGlobalSection
EndGlobal
